# THIS IS AN AUTOGENERATED FILE. DO NOT EDIT THIS FILE DIRECTLY.
# yarn lockfile v1


"@types/jsonpath@^0.2.4":
  version "0.2.4"
  resolved "https://registry.npmjs.org/@types/jsonpath/-/jsonpath-0.2.4.tgz"
  integrity sha512-K3hxB8Blw0qgW6ExKgMbXQv2UPZBoE2GqLpVY+yr7nMD2Pq86lsuIzyAaiQ7eMqFL5B6di6pxSkogLJEyEHoGA==

"@types/node@^20.10.8":
  version "20.11.25"
  resolved "https://registry.npmjs.org/@types/node/-/node-20.11.25.tgz"
  integrity sha512-TBHyJxk2b7HceLVGFcpAUjsa5zIdsPWlR6XHfyGzd0SFu+/NFgQgMAl96MSDZgQDvJAvV6BKsFOrt6zIL09JDw==
  dependencies:
    undici-types "~5.26.4"

ajv-errors@^3.0.0:
  version "3.0.0"
  resolved "https://registry.npmjs.org/ajv-errors/-/ajv-errors-3.0.0.tgz"
  integrity sha512-V3wD15YHfHz6y0KdhYFjyy9vWtEVALT9UrxfN3zqlI6dMioHnJrqOYfyPKol3oqrnCM9uwkcdCwkJ0WUcbLMTQ==

ajv-formats@^2.1.1:
  version "2.1.1"
  resolved "https://registry.npmjs.org/ajv-formats/-/ajv-formats-2.1.1.tgz"
  integrity sha512-Wx0Kx52hxE7C18hkMEggYlEifqWZtYaRgouJor+WMdPnQyEK13vgEWyVNup7SoeeoLMsr4kf5h6dOW11I15MUA==
  dependencies:
    ajv "^8.0.0"

ajv@^8.0.0, ajv@^8.11.0:
  version "8.12.0"
  resolved "https://registry.npmjs.org/ajv/-/ajv-8.12.0.tgz"
  integrity sha512-sRu1kpcO9yLtYxBKvqfTeh9KzZEwO3STyX1HT+4CaDzC6HpTGYhIhPIzj9XuKU7KYDwnaeh5hcOwjy1QuJzBPA==
  dependencies:
    fast-deep-equal "^3.1.1"
    json-schema-traverse "^1.0.0"
    require-from-string "^2.0.2"
    uri-js "^4.2.2"

escodegen@^2.1.0:
  version "2.1.0"
  resolved "https://registry.npmjs.org/escodegen/-/escodegen-2.1.0.tgz"
  integrity sha512-2NlIDTwUWJN0mRPQOdtQBzbUHvdGY2P1VXSyU83Q3xKxM7WHX2Ql8dKq782Q9TgQUNOLEzEYu9bzLNj1q88I5w==
  dependencies:
    esprima "^4.0.1"
    estraverse "^5.2.0"
    esutils "^2.0.2"
  optionalDependencies:
    source-map "~0.6.1"

esprima@1.2.5:
  version "1.2.5"
  resolved "https://registry.npmjs.org/esprima/-/esprima-1.2.5.tgz"
  integrity sha512-S9VbPDU0adFErpDai3qDkjq8+G05ONtKzcyNrPKg/ZKa+tf879nX2KexNU95b31UoTJjRLInNBHHHjFPoCd7lQ==

esprima@^4.0.1:
  version "4.0.1"
  resolved "https://registry.npmjs.org/esprima/-/esprima-4.0.1.tgz"
  integrity sha512-eGuFFw7Upda+g4p+QHvnW0RyTX/SVeJBDM/gCtMARO0cLuT2HcEKnTPvhjV6aGeqrCB/sbNop0Kszm0jsaWU4A==

estraverse@^5.2.0:
  version "5.3.0"
  resolved "https://registry.npmjs.org/estraverse/-/estraverse-5.3.0.tgz"
  integrity sha512-MMdARuVEQziNTeJD8DgMqmhwR11BRQ/cBP+pLtYdSTnf3MIO8fFeiINEbX36ZdNlfU/7A9f3gUw49B3oQsvwBA==

esutils@^2.0.2:
  version "2.0.3"
  resolved "https://registry.npmjs.org/esutils/-/esutils-2.0.3.tgz"
  integrity sha512-kVscqXk4OCp68SZ0dkgEKVi6/8ij300KBWTJq32P/dYeWTSwK41WyTxalN1eRmA5Z9UU/LX9D7FWSmV9SAYx6g==

fast-deep-equal@^3.1.1:
  version "3.1.3"
  resolved "https://registry.npmjs.org/fast-deep-equal/-/fast-deep-equal-3.1.3.tgz"
  integrity sha512-f3qQ9oQy9j2AhBe/H9VC91wLmKBCCU/gDOnKNAYG5hswO7BLKj09Hc5HYNz9cGI++xlpDCIgDaitVs03ATR84Q==

fs@^0.0.1-security:
  version "0.0.1-security"
  resolved "https://registry.npmjs.org/fs/-/fs-0.0.1-security.tgz"
  integrity sha512-3XY9e1pP0CVEUCdj5BmfIZxRBTSDycnbqhIOGec9QYtmVH2fbLpj86CFWkrNOkt/Fvty4KZG5lTglL9j/gJ87w==

json-schema-traverse@^1.0.0:
  version "1.0.0"
  resolved "https://registry.npmjs.org/json-schema-traverse/-/json-schema-traverse-1.0.0.tgz"
  integrity sha512-NM8/P9n3XjXhIZn1lLhkFaACTOURQXjWhV4BA/RnOv8xvgqtqpAX9IO4mRQxSx1Rlo4tqzeqb0sOlruaOy3dug==

jsonpath@^1.2.1:
  version "1.3.0"
  resolved "https://registry.npmjs.org/jsonpath/-/jsonpath-1.3.0.tgz"
  integrity sha512-0kjkYHJBkAy50Z5QzArZ7udmvxrJzkpKYW27fiF//BrMY7TQibYLl+FYIXN2BiYmwMIVzSfD8aDRj6IzgBX2/w==
  dependencies:
    esprima "1.2.5"
    static-eval "2.1.1"
    underscore "1.13.6"

jsonschema@^1.4.1:
  version "1.4.1"
  resolved "https://registry.npmjs.org/jsonschema/-/jsonschema-1.4.1.tgz"
  integrity sha512-S6cATIPVv1z0IlxdN+zUk5EPjkGCdnhN4wVSBlvoUO1tOLJootbo9CquNJmbIh4yikWHiUedhRYrNPn1arpEmQ==

punycode@^2.1.0:
  version "2.3.1"
  resolved "https://registry.npmjs.org/punycode/-/punycode-2.3.1.tgz"
  integrity sha512-vYt7UD1U9Wg6138shLtLOvdAu+8DsC/ilFtEVHcH+wydcSpNE20AfSOduf6MkRFahL5FY7X1oU7nKVZFtfq8Fg==

require-from-string@^2.0.2:
  version "2.0.2"
  resolved "https://registry.npmjs.org/require-from-string/-/require-from-string-2.0.2.tgz"
  integrity sha512-Xf0nWe6RseziFMu+Ap9biiUbmplq6S9/p+7w7YXP/JBHhrUDDUhwa+vANyubuqfZWTveU//DYVGsDG7RKL/vEw==

source-map@~0.6.1:
  version "0.6.1"
  resolved "https://registry.npmjs.org/source-map/-/source-map-0.6.1.tgz"
  integrity sha512-UjgapumWlbMhkBgzT7Ykc5YXUT46F0iKu8SGXq0bcwP5dz/h0Plj6enJqjz1Zbq2l5WaqYnrVbwWOWMyF3F47g==

static-eval@2.1.1:
  version "2.1.1"
  resolved "https://registry.npmjs.org/static-eval/-/static-eval-2.1.1.tgz"
  integrity sha512-MgWpQ/ZjGieSVB3eOJVs4OA2LT/q1vx98KPCTTQPzq/aLr0YUXTsgryTXr4SLfR0ZfUUCiedM9n/ABeDIyy4mA==
  dependencies:
    escodegen "^2.1.0"

typescript@^5.3.3:
  version "5.4.2"
  resolved "https://registry.npmjs.org/typescript/-/typescript-5.4.2.tgz"
  integrity sha512-+2/g0Fds1ERlP6JsakQQDXjZdZMM+rqpamFZJEKh4kwTIn3iDkgKtby0CeNd5ATNZ4Ry1ax15TMx0W2V+miizQ==

underscore@1.13.6:
  version "1.13.6"
  resolved "https://registry.npmjs.org/underscore/-/underscore-1.13.6.tgz"
  integrity sha512-+A5Sja4HP1M08MaXya7p5LvjuM7K6q/2EaC0+iovj/wOcMsTzMvDFbasi/oSapiwOlt252IqsKqPjCl7huKS0A==

undici-types@~5.26.4:
  version "5.26.5"
  resolved "https://registry.npmjs.org/undici-types/-/undici-types-5.26.5.tgz"
  integrity sha512-JlCMO+ehdEIKqlFxk6IfVoAUVmgz7cU7zD/h9XZ0qzeosSHmUJVOzSQvvYSYWXkFXC+IfLKSIffhv0sVZup6pA==

uri-js@^4.2.2:
  version "4.4.1"
  resolved "https://registry.npmjs.org/uri-js/-/uri-js-4.4.1.tgz"
  integrity sha512-7rKUyy33Q1yc98pQ1DAmLtwX109F7TIfWlW1Ydo8Wl1ii1SeHieeh0HHfPeL2fMXK6z0s8ecKs9frCuLJvndBg==
  dependencies:
    punycode "^2.1.0"
